// !$*UTF8*$!
{
	archiveVersion = 1;
	classes = {
	};
	objectVersion = 50;
	objects = {

/* Begin PBXBuildFile section */
		69AECB32241D19E600AE8E13 /* AppDelegate.m in Sources */ = {isa = PBXBuildFile; fileRef = 69AECB31241D19E600AE8E13 /* AppDelegate.m */; };
		69AECB35241D19E600AE8E13 /* SceneDelegate.m in Sources */ = {isa = PBXBuildFile; fileRef = 69AECB34241D19E600AE8E13 /* SceneDelegate.m */; };
		69AECB38241D19E600AE8E13 /* ViewController.m in Sources */ = {isa = PBXBuildFile; fileRef = 69AECB37241D19E600AE8E13 /* ViewController.m */; };
		69AECB3B241D19E600AE8E13 /* Main.storyboard in Resources */ = {isa = PBXBuildFile; fileRef = 69AECB39241D19E600AE8E13 /* Main.storyboard */; };
		69AECB3D241D19E800AE8E13 /* Assets.xcassets in Resources */ = {isa = PBXBuildFile; fileRef = 69AECB3C241D19E800AE8E13 /* Assets.xcassets */; };
		69AECB40241D19E800AE8E13 /* LaunchScreen.storyboard in Resources */ = {isa = PBXBuildFile; fileRef = 69AECB3E241D19E800AE8E13 /* LaunchScreen.storyboard */; };
		69AECB43241D19E800AE8E13 /* main.m in Sources */ = {isa = PBXBuildFile; fileRef = 69AECB42241D19E800AE8E13 /* main.m */; };
/* End PBXBuildFile section */

/* Begin PBXFileReference section */
		69AECB2D241D19E600AE8E13 /* Sample_01.app */ = {isa = PBXFileReference; explicitFileType = wrapper.application; includeInIndex = 0; path = Sample_01.app; sourceTree = BUILT_PRODUCTS_DIR; };
		69AECB30241D19E600AE8E13 /* AppDelegate.h */ = {isa = PBXFileReference; lastKnownFileType = sourcecode.c.h; path = AppDelegate.h; sourceTree = "<group>"; };
		69AECB31241D19E600AE8E13 /* AppDelegate.m */ = {isa = PBXFileReference; lastKnownFileType = sourcecode.c.objc; path = AppDelegate.m; sourceTree = "<group>"; };
		69AECB33241D19E600AE8E13 /* SceneDelegate.h */ = {isa = PBXFileReference; lastKnownFileType = sourcecode.c.h; path = SceneDelegate.h; sourceTree = "<group>"; };
		69AECB34241D19E600AE8E13 /* SceneDelegate.m */ = {isa = PBXFileReference; lastKnownFileType = sourcecode.c.objc; path = SceneDelegate.m; sourceTree = "<group>"; };
		69AECB36241D19E600AE8E13 /* ViewController.h */ = {isa = PBXFileReference; lastKnownFileType = sourcecode.c.h; path = ViewController.h; sourceTree = "<group>"; };
		69AECB37241D19E600AE8E13 /* ViewController.m */ = {isa = PBXFileReference; lastKnownFileType = sourcecode.c.objc; path = ViewController.m; sourceTree = "<group>"; };
		69AECB3A241D19E600AE8E13 /* Base */ = {isa = PBXFileReference; lastKnownFileType = file.storyboard; name = Base; path = Base.lproj/Main.storyboard; sourceTree = "<group>"; };
		69AECB3C241D19E800AE8E13 /* Assets.xcassets */ = {isa = PBXFileReference; lastKnownFileType = folder.assetcatalog; path = Assets.xcassets; sourceTree = "<group>"; };
		69AECB3F241D19E800AE8E13 /* Base */ = {isa = PBXFileReference; lastKnownFileType = file.storyboard; name = Base; path = Base.lproj/LaunchScreen.storyboard; sourceTree = "<group>"; };
		69AECB41241D19E800AE8E13 /* Info.plist */ = {isa = PBXFileReference; lastKnownFileType = text.plist.xml; path = Info.plist; sourceTree = "<group>"; };
		69AECB42241D19E800AE8E13 /* main.m */ = {isa = PBXFileReference; lastKnownFileType = sourcecode.c.objc; path = main.m; sourceTree = "<group>"; };
/* End PBXFileReference section */

/* Begin PBXFrameworksBuildPhase section */
		69AECB2A241D19E600AE8E13 /* Frameworks */ = {
			isa = PBXFrameworksBuildPhase;
			buildActionMask = 2147483647;
			files = (
			);
			runOnlyForDeploymentPostprocessing = 0;
		};
/* End PBXFrameworksBuildPhase section */

/* Begin PBXGroup section */
		69AECB24241D19E600AE8E13 = {
			isa = PBXGroup;
			children = (
				69AECB2F241D19E600AE8E13 /* Sample_01 */,
				69AECB2E241D19E600AE8E13 /* Products */,
			);
			sourceTree = "<group>";
		};
		69AECB2E241D19E600AE8E13 /* Products */ = {
			isa = PBXGroup;
			children = (
				69AECB2D241D19E600AE8E13 /* Sample_01.app */,
			);
			name = Products;
			sourceTree = "<group>";
		};
		69AECB2F241D19E600AE8E13 /* Sample_01 */ = {
			isa = PBXGroup;
			children = (
				69AECB30241D19E600AE8E13 /* AppDelegate.h */,
				69AECB31241D19E600AE8E13 /* AppDelegate.m */,
				69AECB33241D19E600AE8E13 /* SceneDelegate.h */,
				69AECB34241D19E600AE8E13 /* SceneDelegate.m */,
				69AECB36241D19E600AE8E13 /* ViewController.h */,
				69AECB37241D19E600AE8E13 /* ViewController.m */,
				69AECB39241D19E600AE8E13 /* Main.storyboard */,
				69AECB3C241D19E800AE8E13 /* Assets.xcassets */,
				69AECB3E241D19E800AE8E13 /* LaunchScreen.storyboard */,
				69AECB41241D19E800AE8E13 /* Info.plist */,
				69AECB42241D19E800AE8E13 /* main.m */,
			);
			path = Sample_01;
			sourceTree = "<group>";
		};
/* End PBXGroup section */

/* Begin PBXNativeTarget section */
		69AECB2C241D19E600AE8E13 /* Sample_01 */ = {
			isa = PBXNativeTarget;
			buildConfigurationList = 69AECB46241D19E800AE8E13 /* Build configuration list for PBXNativeTarget "Sample_01" */;
			buildPhases = (
				69AECB29241D19E600AE8E13 /* Sources */,
				69AECB2A241D19E600AE8E13 /* Frameworks */,
				69AECB2B241D19E600AE8E13 /* Resources */,
			);
			buildRules = (
			);
			dependencies = (
			);
			name = Sample_01;
			productName = Sample_01;
			productReference = 69AECB2D241D19E600AE8E13 /* Sample_01.app */;
			productType = "com.apple.product-type.application";
		};
/* End PBXNativeTarget section */

/* Begin PBXProject section */
		69AECB25241D19E600AE8E13 /* Project object */ = {
			isa = PBXProject;
			attributes = {
				LastUpgradeCheck = 1130;
				ORGANIZATIONNAME = heoveo;
				TargetAttributes = {
					69AECB2C241D19E600AE8E13 = {
						CreatedOnToolsVersion = 11.3.1;
					};
				};
			};
			buildConfigurationList = 69AECB28241D19E600AE8E13 /* Build configuration list for PBXProject "Sample_01" */;
			compatibilityVersion = "Xcode 9.3";
			developmentRegion = en;
			hasScannedForEncodings = 0;
			knownRegions = (
				en,
				Base,
			);
			mainGroup = 69AECB24241D19E600AE8E13;
			productRefGroup = 69AECB2E241D19E600AE8E13 /* Products */;
			projectDirPath = "";
			projectRoot = "";
			targets = (
				69AECB2C241D19E600AE8E13 /* Sample_01 */,
			);
		};
/* End PBXProject section */

/* Begin PBXResourcesBuildPhase section */
		69AECB2B241D19E600AE8E13 /* Resources */ = {
			isa = PBXResourcesBuildPhase;
			buildActionMask = 2147483647;
			files = (
				69AECB40241D19E800AE8E13 /* LaunchScreen.storyboard in Resources */,
				69AECB3D241D19E800AE8E13 /* Assets.xcassets in Resources */,
				69AECB3B241D19E600AE8E13 /* Main.storyboard in Resources */,
			);
			runOnlyForDeploymentPostprocessing = 0;
		};
/* End PBXResourcesBuildPhase section */

/* Begin PBXSourcesBuildPhase section */
		69AECB29241D19E600AE8E13 /* Sources */ = {
			isa = PBXSourcesBuildPhase;
			buildActionMask = 2147483647;
			files = (
				69AECB38241D19E600AE8E13 /* ViewController.m in Sources */,
				69AECB32241D19E600AE8E13 /* AppDelegate.m in Sources */,
				69AECB43241D19E800AE8E13 /* main.m in Sources */,
				69AECB35241D19E600AE8E13 /* SceneDelegate.m in Sources */,
			);
			runOnlyForDeploymentPostprocessing = 0;
		};
/* End PBXSourcesBuildPhase section */

/* Begin PBXVariantGroup section */
		69AECB39241D19E600AE8E13 /* Main.storyboard */ = {
			isa = PBXVariantGroup;
			children = (
				69AECB3A241D19E600AE8E13 /* Base */,
			);
			name = Main.storyboard;
			sourceTree = "<group>";
		};
		69AECB3E241D19E800AE8E13 /* LaunchScreen.storyboard */ = {
			isa = PBXVariantGroup;
			children = (
				69AECB3F241D19E800AE8E13 /* Base */,
			);
			name = LaunchScreen.storyboard;
			sourceTree = "<group>";
		};
/* End PBXVariantGroup section */

/* Begin XCBuildConfiguration section */
		69AECB44241D19E800AE8E13 /* Debug */ = {
			isa = XCBuildConfiguration;
			buildSettings = {
				ALWAYS_SEARCH_USER_PATHS = NO;
				CLANG_ANALYZER_NONNULL = YES;
				CLANG_ANALYZER_NUMBER_OBJECT_CONVERSION = YES_AGGRESSIVE;
				CLANG_CXX_LANGUAGE_STANDARD = "gnu++14";
				CLANG_CXX_LIBRARY = "libc++";
				CLANG_ENABLE_MODULES = YES;
				CLANG_ENABLE_OBJC_ARC = YES;
				CLANG_ENABLE_OBJC_WEAK = YES;
				CLANG_WARN_BLOCK_CAPTURE_AUTORELEASING = YES;
				CLANG_WARN_BOOL_CONVERSION = YES;
				CLANG_WARN_COMMA = YES;
				CLANG_WARN_CONSTANT_CONVERSION = YES;
				CLANG_WARN_DEPRECATED_OBJC_IMPLEMENTATIONS = YES;
				CLANG_WARN_DIRECT_OBJC_ISA_USAGE = YES_ERROR;
				CLANG_WARN_DOCUMENTATION_COMMENTS = YES;
				CLANG_WARN_EMPTY_BODY = YES;
				CLANG_WARN_ENUM_CONVERSION = YES;
				CLANG_WARN_INFINITE_RECURSION = YES;
				CLANG_WARN_INT_CONVERSION = YES;
				CLANG_WARN_NON_LITERAL_NULL_CONVERSION = YES;
				CLANG_WARN_OBJC_IMPLICIT_RETAIN_SELF = YES;
				CLANG_WARN_OBJC_LITERAL_CONVERSION = YES;
				CLANG_WARN_OBJC_ROOT_CLASS = YES_ERROR;
				CLANG_WARN_RANGE_LOOP_ANALYSIS = YES;
				CLANG_WARN_STRICT_PROTOTYPES = YES;
				CLANG_WARN_SUSPICIOUS_MOVE = YES;
				CLANG_WARN_UNGUARDED_AVAILABILITY = YES_AGGRESSIVE;
				CLANG_WARN_UNREACHABLE_CODE = YES;
				CLANG_WARN__DUPLICATE_METHOD_MATCH = YES;
				COPY_PHASE_STRIP = NO;
				DEBUG_INFORMATION_FORMAT = dwarf;
				ENABLE_STRICT_OBJC_MSGSEND = YES;
				ENABLE_TESTABILITY = YES;
				GCC_C_LANGUAGE_STANDARD = gnu11;
				GCC_DYNAMIC_NO_PIC = NO;
				GCC_NO_COMMON_BLOCKS = YES;
				GCC_OPTIMIZATION_LEVEL = 0;
				GCC_PREPROCESSOR_DEFINITIONS = (
					"DEBUG=1",
					"$(inherited)",
				);
				GCC_WARN_64_TO_32_BIT_CONVERSION = YES;
				GCC_WARN_ABOUT_RETURN_TYPE = YES_ERROR;
				GCC_WARN_UNDECLARED_SELECTOR = YES;
				GCC_WARN_UNINITIALIZED_AUTOS = YES_AGGRESSIVE;
				GCC_WARN_UNUSED_FUNCTION = YES;
				GCC_WARN_UNUSED_VARIABLE = YES;
				IPHONEOS_DEPLOYMENT_TARGET = 13.2;
				MTL_ENABLE_DEBUG_INFO = INCLUDE_SOURCE;
				MTL_FAST_MATH = YES;
				ONLY_ACTIVE_ARCH = YES;
				SDKROOT = iphoneos;
			};
			name = Debug;
		};
		69AECB45241D19E800AE8E13 /* Release */ = {
			isa = XCBuildConfiguration;
			buildSettings = {
				ALWAYS_SEARCH_USER_PATHS = NO;
				CLANG_ANALYZER_NONNULL = YES;
				CLANG_ANALYZER_NUMBER_OBJECT_CONVERSION = YES_AGGRESSIVE;
				CLANG_CXX_LANGUAGE_STANDARD = "gnu++14";
				CLANG_CXX_LIBRARY = "libc++";
				CLANG_ENABLE_MODULES = YES;
				CLANG_ENABLE_OBJC_ARC = YES;
				CLANG_ENABLE_OBJC_WEAK = YES;
				CLANG_WARN_BLOCK_CAPTURE_AUTORELEASING = YES;
				CLANG_WARN_BOOL_CONVERSION = YES;
				CLANG_WARN_COMMA = YES;
				CLANG_WARN_CONSTANT_CONVERSION = YES;
				CLANG_WARN_DEPRECATED_OBJC_IMPLEMENTATIONS = YES;
				CLANG_WARN_DIRECT_OBJC_ISA_USAGE = YES_ERROR;
				CLANG_WARN_DOCUMENTATION_COMMENTS = YES;
				CLANG_WARN_EMPTY_BODY = YES;
				CLANG_WARN_ENUM_CONVERSION = YES;
				CLANG_WARN_INFINITE_RECURSION = YES;
				CLANG_WARN_INT_CONVERSION = YES;
				CLANG_WARN_NON_LITERAL_NULL_CONVERSION = YES;
				CLANG_WARN_OBJC_IMPLICIT_RETAIN_SELF = YES;
				CLANG_WARN_OBJC_LITERAL_CONVERSION = YES;
				CLANG_WARN_OBJC_ROOT_CLASS = YES_ERROR;
				CLANG_WARN_RANGE_LOOP_ANALYSIS = YES;
				CLANG_WARN_STRICT_PROTOTYPES = YES;
				CLANG_WARN_SUSPICIOUS_MOVE = YES;
				CLANG_WARN_UNGUARDED_AVAILABILITY = YES_AGGRESSIVE;
				CLANG_WARN_UNREACHABLE_CODE = YES;
				CLANG_WARN__DUPLICATE_METHOD_MATCH = YES;
				COPY_PHASE_STRIP = NO;
				DEBUG_INFORMATION_FORMAT = "dwarf-with-dsym";
				ENABLE_NS_ASSERTIONS = NO;
				ENABLE_STRICT_OBJC_MSGSEND = YES;
				GCC_C_LANGUAGE_STANDARD = gnu11;
				GCC_NO_COMMON_BLOCKS = YES;
				GCC_WARN_64_TO_32_BIT_CONVERSION = YES;
				GCC_WARN_ABOUT_RETURN_TYPE = YES_ERROR;
				GCC_WARN_UNDECLARED_SELECTOR = YES;
				GCC_WARN_UNINITIALIZED_AUTOS = YES_AGGRESSIVE;
				GCC_WARN_UNUSED_FUNCTION = YES;
				GCC_WARN_UNUSED_VARIABLE = YES;
				IPHONEOS_DEPLOYMENT_TARGET = 13.2;
				MTL_ENABLE_DEBUG_INFO = NO;
				MTL_FAST_MATH = YES;
				SDKROOT = iphoneos;
				VALIDATE_PRODUCT = YES;
			};
			name = Release;
		};
		69AECB47241D19E800AE8E13 /* Debug */ = {
			isa = XCBuildConfiguration;
			buildSettings = {
				ASSETCATALOG_COMPILER_APPICON_NAME = AppIcon;
				CODE_SIGN_STYLE = Automatic;
				DEVELOPMENT_TEAM = 3XL7KQ6H6W;
				INFOPLIST_FILE = Sample_01/Info.plist;
				LD_RUNPATH_SEARCH_PATHS = (
					"$(inherited)",
					"@executable_path/Frameworks",
				);
				PRODUCT_BUNDLE_IDENTIFIER = "fpt.Sample-01";
				PRODUCT_NAME = "$(TARGET_NAME)";
				TARGETED_DEVICE_FAMILY = "1,2";
			};
			name = Debug;
		};
		69AECB48241D19E800AE8E13 /* Release */ = {
			isa = XCBuildConfiguration;
			buildSettings = {
				ASSETCATALOG_COMPILER_APPICON_NAME = AppIcon;
				CODE_SIGN_STYLE = Automatic;
				DEVELOPMENT_TEAM = 3XL7KQ6H6W;
				INFOPLIST_FILE = Sample_01/Info.plist;
				LD_RUNPATH_SEARCH_PATHS = (
					"$(inherited)",
					"@executable_path/Frameworks",
				);
				PRODUCT_BUNDLE_IDENTIFIER = "fpt.Sample-01";
				PRODUCT_NAME = "$(TARGET_NAME)";
				TARGETED_DEVICE_FAMILY = "1,2";
			};
			name = Release;
		};
/* End XCBuildConfiguration section */

/* Begin XCConfigurationList section */
		69AECB28241D19E600AE8E13 /* Build configuration list for PBXProject "Sample_01" */ = {
			isa = XCConfigurationList;
			buildConfigurations = (
				69AECB44241D19E800AE8E13 /* Debug */,
				69AECB45241D19E800AE8E13 /* Release */,
			);
			defaultConfigurationIsVisible = 0;
			defaultConfigurationName = Release;
		};
		69AECB46241D19E800AE8E13 /* Build configuration list for PBXNativeTarget "Sample_01" */ = {
			isa = XCConfigurationList;
			buildConfigurations = (
				69AECB47241D19E800AE8E13 /* Debug */,
				69AECB48241D19E800AE8E13 /* Release */,
			);
			defaultConfigurationIsVisible = 0;
			defaultConfigurationName = Release;
		};
/* End XCConfigurationList section */
	};
	rootObject = 69AECB25241D19E600AE8E13 /* Project object */;
}
